
Microsoft Visual Studio Solution File, Format Version 12.00
# Visual Studio 2013
VisualStudioVersion = 12.0.40629.0
MinimumVisualStudioVersion = 10.0.40219.1
Project("{FAE04EC0-301F-11D3-BF4B-00C04F79EFBC}") = "最小的K个数", "最小的K个数\最小的K个数.csproj", "{9C15698E-89C5-43C2-8413-21BEEDEDBF3F}"
EndProject
Project("{FAE04EC0-301F-11D3-BF4B-00C04F79EFBC}") = "调整数组奇偶数顺序", "调整数组奇偶数顺序\调整数组奇偶数顺序.csproj", "{E7F5E2F1-9622-4A29-923A-0EFBF9A22D17}"
EndProject
Project("{FAE04EC0-301F-11D3-BF4B-00C04F79EFBC}") = "重建二叉树", "重建二叉树\重建二叉树.csproj", "{08148D5F-5C60-4649-B1C0-A3F98BB2854F}"
EndProject
Project("{FAE04EC0-301F-11D3-BF4B-00C04F79EFBC}") = "丑数", "丑数\丑数.csproj", "{F53C311D-02FA-4249-921D-738BE2E25D13}"
EndProject
Project("{FAE04EC0-301F-11D3-BF4B-00C04F79EFBC}") = "计算连续子数组的最大和", "计算连续子数组的最大和\计算连续子数组的最大和.csproj", "{B90F92D3-2382-45C3-809D-569DA52F2B4D}"
EndProject
Project("{FAE04EC0-301F-11D3-BF4B-00C04F79EFBC}") = "从上到下打印二叉树", "从上到下打印二叉树\从上到下打印二叉树.csproj", "{B08116BC-C75C-4560-A603-BF78C0440897}"
EndProject
Project("{FAE04EC0-301F-11D3-BF4B-00C04F79EFBC}") = "栈的压入弹出序列", "栈的压入弹出序列\栈的压入弹出序列.csproj", "{F402491B-F73F-469B-98E5-D58A755B32CD}"
EndProject
Project("{FAE04EC0-301F-11D3-BF4B-00C04F79EFBC}") = "合并两个排序的链表", "合并两个排序的链表\合并两个排序的链表.csproj", "{BC5FCF6B-CC53-4853-B7D2-9E98A4144C7E}"
EndProject
Project("{FAE04EC0-301F-11D3-BF4B-00C04F79EFBC}") = "反转链表", "反转链表\反转链表.csproj", "{413D45CA-CA0D-4CDE-91E8-A04E7E918ABC}"
EndProject
Project("{FAE04EC0-301F-11D3-BF4B-00C04F79EFBC}") = "引用传递", "引用传递\引用传递.csproj", "{D4F2F62A-95B1-4E4D-9948-9342F984E0BA}"
EndProject
Project("{FAE04EC0-301F-11D3-BF4B-00C04F79EFBC}") = "在O(1)时间删除链表结点", "在O(1)时间删除链表结点\在O(1)时间删除链表结点.csproj", "{FABD1D20-D18C-44B4-B92C-3470D91C02ED}"
EndProject
Project("{FAE04EC0-301F-11D3-BF4B-00C04F79EFBC}") = "二叉树的遍历", "二叉树的遍历\二叉树的遍历.csproj", "{9135FBCE-90F4-4617-ACE8-AA8192584596}"
EndProject
Project("{FAE04EC0-301F-11D3-BF4B-00C04F79EFBC}") = "查找算法", "查找算法\查找算法.csproj", "{8D7CA4A5-7355-4144-AC67-1C82199C7576}"
EndProject
Project("{FAE04EC0-301F-11D3-BF4B-00C04F79EFBC}") = "排序算法", "排序算法\排序算法.csproj", "{770CDDD1-F1F2-4800-AB14-F1FD4E3A344C}"
EndProject
Project("{FAE04EC0-301F-11D3-BF4B-00C04F79EFBC}") = "二叉排序树", "二叉排序树\二叉排序树.csproj", "{993DD5FF-D724-4F33-9519-03EEB2C977D6}"
EndProject
Project("{FAE04EC0-301F-11D3-BF4B-00C04F79EFBC}") = "排序算法RMJ", "排序算法RMJ\排序算法RMJ.csproj", "{5FC147E9-3780-41D2-8FC0-E6D71D7A955C}"
EndProject
Project("{FAE04EC0-301F-11D3-BF4B-00C04F79EFBC}") = "KMP模式匹配算法", "KMP模式匹配算法\KMP模式匹配算法.csproj", "{235A7918-6F9D-4513-82B2-5435F18E7F1E}"
EndProject
Project("{FAE04EC0-301F-11D3-BF4B-00C04F79EFBC}") = "KMP", "KMP\KMP.csproj", "{D0100D1A-30C2-41E9-90C0-93C1761E5908}"
EndProject
Project("{FAE04EC0-301F-11D3-BF4B-00C04F79EFBC}") = "树的子结构", "树的子结构\树的子结构.csproj", "{ABED1B15-7612-4EE4-BFB4-285E168F1F68}"
EndProject
Project("{FAE04EC0-301F-11D3-BF4B-00C04F79EFBC}") = "打印1到最大的n位数", "打印1到最大的n位数\打印1到最大的n位数.csproj", "{5885338D-D52E-4537-B934-D6F8F6456134}"
EndProject
Project("{FAE04EC0-301F-11D3-BF4B-00C04F79EFBC}") = "图的结构", "图的结构\图的结构.csproj", "{09F3F601-809C-479E-9B22-99286461E3B2}"
EndProject
Project("{FAE04EC0-301F-11D3-BF4B-00C04F79EFBC}") = "二叉树的创建和遍历", "二叉树的创建和遍历\二叉树的创建和遍历.csproj", "{5B164E29-D4BD-4BDC-A341-EC535B91CACD}"
EndProject
Project("{FAE04EC0-301F-11D3-BF4B-00C04F79EFBC}") = "二叉排序树创建", "二叉排序树创建\二叉排序树创建.csproj", "{7E1ED8D8-4BDB-422E-A23F-2A53974E691A}"
EndProject
Project("{FAE04EC0-301F-11D3-BF4B-00C04F79EFBC}") = "二叉树四则运算", "二叉树四则运算\二叉树四则运算.csproj", "{033E3D70-C60D-464E-8B7C-CBAF415B81E2}"
EndProject
Project("{FAE04EC0-301F-11D3-BF4B-00C04F79EFBC}") = "模拟栈线性存储", "模拟栈线性存储\模拟栈线性存储.csproj", "{3AEA4C19-1985-4DDF-9033-915A2CAE7010}"
EndProject
Project("{FAE04EC0-301F-11D3-BF4B-00C04F79EFBC}") = "队列实现", "队列实现\队列实现.csproj", "{58FF8F7D-F76E-46E3-802C-EB4C7FE2D0C0}"
EndProject
Global
	GlobalSection(SolutionConfigurationPlatforms) = preSolution
		Debug|Any CPU = Debug|Any CPU
		Release|Any CPU = Release|Any CPU
	EndGlobalSection
	GlobalSection(ProjectConfigurationPlatforms) = postSolution
		{9C15698E-89C5-43C2-8413-21BEEDEDBF3F}.Debug|Any CPU.ActiveCfg = Debug|Any CPU
		{9C15698E-89C5-43C2-8413-21BEEDEDBF3F}.Debug|Any CPU.Build.0 = Debug|Any CPU
		{9C15698E-89C5-43C2-8413-21BEEDEDBF3F}.Release|Any CPU.ActiveCfg = Release|Any CPU
		{9C15698E-89C5-43C2-8413-21BEEDEDBF3F}.Release|Any CPU.Build.0 = Release|Any CPU
		{E7F5E2F1-9622-4A29-923A-0EFBF9A22D17}.Debug|Any CPU.ActiveCfg = Debug|Any CPU
		{E7F5E2F1-9622-4A29-923A-0EFBF9A22D17}.Debug|Any CPU.Build.0 = Debug|Any CPU
		{E7F5E2F1-9622-4A29-923A-0EFBF9A22D17}.Release|Any CPU.ActiveCfg = Release|Any CPU
		{E7F5E2F1-9622-4A29-923A-0EFBF9A22D17}.Release|Any CPU.Build.0 = Release|Any CPU
		{08148D5F-5C60-4649-B1C0-A3F98BB2854F}.Debug|Any CPU.ActiveCfg = Debug|Any CPU
		{08148D5F-5C60-4649-B1C0-A3F98BB2854F}.Debug|Any CPU.Build.0 = Debug|Any CPU
		{08148D5F-5C60-4649-B1C0-A3F98BB2854F}.Release|Any CPU.ActiveCfg = Release|Any CPU
		{08148D5F-5C60-4649-B1C0-A3F98BB2854F}.Release|Any CPU.Build.0 = Release|Any CPU
		{F53C311D-02FA-4249-921D-738BE2E25D13}.Debug|Any CPU.ActiveCfg = Debug|Any CPU
		{F53C311D-02FA-4249-921D-738BE2E25D13}.Debug|Any CPU.Build.0 = Debug|Any CPU
		{F53C311D-02FA-4249-921D-738BE2E25D13}.Release|Any CPU.ActiveCfg = Release|Any CPU
		{F53C311D-02FA-4249-921D-738BE2E25D13}.Release|Any CPU.Build.0 = Release|Any CPU
		{B90F92D3-2382-45C3-809D-569DA52F2B4D}.Debug|Any CPU.ActiveCfg = Debug|Any CPU
		{B90F92D3-2382-45C3-809D-569DA52F2B4D}.Debug|Any CPU.Build.0 = Debug|Any CPU
		{B90F92D3-2382-45C3-809D-569DA52F2B4D}.Release|Any CPU.ActiveCfg = Release|Any CPU
		{B90F92D3-2382-45C3-809D-569DA52F2B4D}.Release|Any CPU.Build.0 = Release|Any CPU
		{B08116BC-C75C-4560-A603-BF78C0440897}.Debug|Any CPU.ActiveCfg = Debug|Any CPU
		{B08116BC-C75C-4560-A603-BF78C0440897}.Debug|Any CPU.Build.0 = Debug|Any CPU
		{B08116BC-C75C-4560-A603-BF78C0440897}.Release|Any CPU.ActiveCfg = Release|Any CPU
		{B08116BC-C75C-4560-A603-BF78C0440897}.Release|Any CPU.Build.0 = Release|Any CPU
		{F402491B-F73F-469B-98E5-D58A755B32CD}.Debug|Any CPU.ActiveCfg = Debug|Any CPU
		{F402491B-F73F-469B-98E5-D58A755B32CD}.Debug|Any CPU.Build.0 = Debug|Any CPU
		{F402491B-F73F-469B-98E5-D58A755B32CD}.Release|Any CPU.ActiveCfg = Release|Any CPU
		{F402491B-F73F-469B-98E5-D58A755B32CD}.Release|Any CPU.Build.0 = Release|Any CPU
		{BC5FCF6B-CC53-4853-B7D2-9E98A4144C7E}.Debug|Any CPU.ActiveCfg = Debug|Any CPU
		{BC5FCF6B-CC53-4853-B7D2-9E98A4144C7E}.Debug|Any CPU.Build.0 = Debug|Any CPU
		{BC5FCF6B-CC53-4853-B7D2-9E98A4144C7E}.Release|Any CPU.ActiveCfg = Release|Any CPU
		{BC5FCF6B-CC53-4853-B7D2-9E98A4144C7E}.Release|Any CPU.Build.0 = Release|Any CPU
		{413D45CA-CA0D-4CDE-91E8-A04E7E918ABC}.Debug|Any CPU.ActiveCfg = Debug|Any CPU
		{413D45CA-CA0D-4CDE-91E8-A04E7E918ABC}.Debug|Any CPU.Build.0 = Debug|Any CPU
		{413D45CA-CA0D-4CDE-91E8-A04E7E918ABC}.Release|Any CPU.ActiveCfg = Release|Any CPU
		{413D45CA-CA0D-4CDE-91E8-A04E7E918ABC}.Release|Any CPU.Build.0 = Release|Any CPU
		{D4F2F62A-95B1-4E4D-9948-9342F984E0BA}.Debug|Any CPU.ActiveCfg = Debug|Any CPU
		{D4F2F62A-95B1-4E4D-9948-9342F984E0BA}.Debug|Any CPU.Build.0 = Debug|Any CPU
		{D4F2F62A-95B1-4E4D-9948-9342F984E0BA}.Release|Any CPU.ActiveCfg = Release|Any CPU
		{D4F2F62A-95B1-4E4D-9948-9342F984E0BA}.Release|Any CPU.Build.0 = Release|Any CPU
		{FABD1D20-D18C-44B4-B92C-3470D91C02ED}.Debug|Any CPU.ActiveCfg = Debug|Any CPU
		{FABD1D20-D18C-44B4-B92C-3470D91C02ED}.Debug|Any CPU.Build.0 = Debug|Any CPU
		{FABD1D20-D18C-44B4-B92C-3470D91C02ED}.Release|Any CPU.ActiveCfg = Release|Any CPU
		{FABD1D20-D18C-44B4-B92C-3470D91C02ED}.Release|Any CPU.Build.0 = Release|Any CPU
		{9135FBCE-90F4-4617-ACE8-AA8192584596}.Debug|Any CPU.ActiveCfg = Debug|Any CPU
		{9135FBCE-90F4-4617-ACE8-AA8192584596}.Debug|Any CPU.Build.0 = Debug|Any CPU
		{9135FBCE-90F4-4617-ACE8-AA8192584596}.Release|Any CPU.ActiveCfg = Release|Any CPU
		{9135FBCE-90F4-4617-ACE8-AA8192584596}.Release|Any CPU.Build.0 = Release|Any CPU
		{8D7CA4A5-7355-4144-AC67-1C82199C7576}.Debug|Any CPU.ActiveCfg = Debug|Any CPU
		{8D7CA4A5-7355-4144-AC67-1C82199C7576}.Debug|Any CPU.Build.0 = Debug|Any CPU
		{8D7CA4A5-7355-4144-AC67-1C82199C7576}.Release|Any CPU.ActiveCfg = Release|Any CPU
		{8D7CA4A5-7355-4144-AC67-1C82199C7576}.Release|Any CPU.Build.0 = Release|Any CPU
		{770CDDD1-F1F2-4800-AB14-F1FD4E3A344C}.Debug|Any CPU.ActiveCfg = Debug|Any CPU
		{770CDDD1-F1F2-4800-AB14-F1FD4E3A344C}.Debug|Any CPU.Build.0 = Debug|Any CPU
		{770CDDD1-F1F2-4800-AB14-F1FD4E3A344C}.Release|Any CPU.ActiveCfg = Release|Any CPU
		{770CDDD1-F1F2-4800-AB14-F1FD4E3A344C}.Release|Any CPU.Build.0 = Release|Any CPU
		{993DD5FF-D724-4F33-9519-03EEB2C977D6}.Debug|Any CPU.ActiveCfg = Debug|Any CPU
		{993DD5FF-D724-4F33-9519-03EEB2C977D6}.Debug|Any CPU.Build.0 = Debug|Any CPU
		{993DD5FF-D724-4F33-9519-03EEB2C977D6}.Release|Any CPU.ActiveCfg = Release|Any CPU
		{993DD5FF-D724-4F33-9519-03EEB2C977D6}.Release|Any CPU.Build.0 = Release|Any CPU
		{5FC147E9-3780-41D2-8FC0-E6D71D7A955C}.Debug|Any CPU.ActiveCfg = Debug|Any CPU
		{5FC147E9-3780-41D2-8FC0-E6D71D7A955C}.Debug|Any CPU.Build.0 = Debug|Any CPU
		{5FC147E9-3780-41D2-8FC0-E6D71D7A955C}.Release|Any CPU.ActiveCfg = Release|Any CPU
		{5FC147E9-3780-41D2-8FC0-E6D71D7A955C}.Release|Any CPU.Build.0 = Release|Any CPU
		{235A7918-6F9D-4513-82B2-5435F18E7F1E}.Debug|Any CPU.ActiveCfg = Debug|Any CPU
		{235A7918-6F9D-4513-82B2-5435F18E7F1E}.Debug|Any CPU.Build.0 = Debug|Any CPU
		{235A7918-6F9D-4513-82B2-5435F18E7F1E}.Release|Any CPU.ActiveCfg = Release|Any CPU
		{235A7918-6F9D-4513-82B2-5435F18E7F1E}.Release|Any CPU.Build.0 = Release|Any CPU
		{D0100D1A-30C2-41E9-90C0-93C1761E5908}.Debug|Any CPU.ActiveCfg = Debug|Any CPU
		{D0100D1A-30C2-41E9-90C0-93C1761E5908}.Debug|Any CPU.Build.0 = Debug|Any CPU
		{D0100D1A-30C2-41E9-90C0-93C1761E5908}.Release|Any CPU.ActiveCfg = Release|Any CPU
		{D0100D1A-30C2-41E9-90C0-93C1761E5908}.Release|Any CPU.Build.0 = Release|Any CPU
		{ABED1B15-7612-4EE4-BFB4-285E168F1F68}.Debug|Any CPU.ActiveCfg = Debug|Any CPU
		{ABED1B15-7612-4EE4-BFB4-285E168F1F68}.Debug|Any CPU.Build.0 = Debug|Any CPU
		{ABED1B15-7612-4EE4-BFB4-285E168F1F68}.Release|Any CPU.ActiveCfg = Release|Any CPU
		{ABED1B15-7612-4EE4-BFB4-285E168F1F68}.Release|Any CPU.Build.0 = Release|Any CPU
		{5885338D-D52E-4537-B934-D6F8F6456134}.Debug|Any CPU.ActiveCfg = Debug|Any CPU
		{5885338D-D52E-4537-B934-D6F8F6456134}.Debug|Any CPU.Build.0 = Debug|Any CPU
		{5885338D-D52E-4537-B934-D6F8F6456134}.Release|Any CPU.ActiveCfg = Release|Any CPU
		{5885338D-D52E-4537-B934-D6F8F6456134}.Release|Any CPU.Build.0 = Release|Any CPU
		{09F3F601-809C-479E-9B22-99286461E3B2}.Debug|Any CPU.ActiveCfg = Debug|Any CPU
		{09F3F601-809C-479E-9B22-99286461E3B2}.Debug|Any CPU.Build.0 = Debug|Any CPU
		{09F3F601-809C-479E-9B22-99286461E3B2}.Release|Any CPU.ActiveCfg = Release|Any CPU
		{09F3F601-809C-479E-9B22-99286461E3B2}.Release|Any CPU.Build.0 = Release|Any CPU
		{5B164E29-D4BD-4BDC-A341-EC535B91CACD}.Debug|Any CPU.ActiveCfg = Debug|Any CPU
		{5B164E29-D4BD-4BDC-A341-EC535B91CACD}.Debug|Any CPU.Build.0 = Debug|Any CPU
		{5B164E29-D4BD-4BDC-A341-EC535B91CACD}.Release|Any CPU.ActiveCfg = Release|Any CPU
		{5B164E29-D4BD-4BDC-A341-EC535B91CACD}.Release|Any CPU.Build.0 = Release|Any CPU
		{7E1ED8D8-4BDB-422E-A23F-2A53974E691A}.Debug|Any CPU.ActiveCfg = Debug|Any CPU
		{7E1ED8D8-4BDB-422E-A23F-2A53974E691A}.Debug|Any CPU.Build.0 = Debug|Any CPU
		{7E1ED8D8-4BDB-422E-A23F-2A53974E691A}.Release|Any CPU.ActiveCfg = Release|Any CPU
		{7E1ED8D8-4BDB-422E-A23F-2A53974E691A}.Release|Any CPU.Build.0 = Release|Any CPU
		{033E3D70-C60D-464E-8B7C-CBAF415B81E2}.Debug|Any CPU.ActiveCfg = Debug|Any CPU
		{033E3D70-C60D-464E-8B7C-CBAF415B81E2}.Debug|Any CPU.Build.0 = Debug|Any CPU
		{033E3D70-C60D-464E-8B7C-CBAF415B81E2}.Release|Any CPU.ActiveCfg = Release|Any CPU
		{033E3D70-C60D-464E-8B7C-CBAF415B81E2}.Release|Any CPU.Build.0 = Release|Any CPU
		{3AEA4C19-1985-4DDF-9033-915A2CAE7010}.Debug|Any CPU.ActiveCfg = Debug|Any CPU
		{3AEA4C19-1985-4DDF-9033-915A2CAE7010}.Debug|Any CPU.Build.0 = Debug|Any CPU
		{3AEA4C19-1985-4DDF-9033-915A2CAE7010}.Release|Any CPU.ActiveCfg = Release|Any CPU
		{3AEA4C19-1985-4DDF-9033-915A2CAE7010}.Release|Any CPU.Build.0 = Release|Any CPU
		{58FF8F7D-F76E-46E3-802C-EB4C7FE2D0C0}.Debug|Any CPU.ActiveCfg = Debug|Any CPU
		{58FF8F7D-F76E-46E3-802C-EB4C7FE2D0C0}.Debug|Any CPU.Build.0 = Debug|Any CPU
		{58FF8F7D-F76E-46E3-802C-EB4C7FE2D0C0}.Release|Any CPU.ActiveCfg = Release|Any CPU
		{58FF8F7D-F76E-46E3-802C-EB4C7FE2D0C0}.Release|Any CPU.Build.0 = Release|Any CPU
	EndGlobalSection
	GlobalSection(SolutionProperties) = preSolution
		HideSolutionNode = FALSE
	EndGlobalSection
EndGlobal
